
Microsoft Visual Studio Solution File, Format Version 12.00
# Visual Studio Version 17
VisualStudioVersion = 17.1.32319.34
MinimumVisualStudioVersion = 10.0.40219.1
Project("{9A19103F-16F7-4668-BE54-9A1E7A4F7556}") = "SohatNotebook.Api", "SohatNotebook.Api\SohatNotebook.Api.csproj", "{D2C90484-5982-4BFC-81E1-D58642581D95}"
EndProject
Project("{9A19103F-16F7-4668-BE54-9A1E7A4F7556}") = "SohatNotebook.DataService", "SohatNotebook.DataService\SohatNotebook.DataService.csproj", "{0ED186D3-CD5C-4050-B650-840A165C6927}"
EndProject
Project("{9A19103F-16F7-4668-BE54-9A1E7A4F7556}") = "SohatNotebook.Entities", "SohatNotebook.Entities\SohatNotebook.Entities.csproj", "{8E9AD60F-C915-43C0-A127-EE4FCF0CC18A}"
EndProject
Project("{FAE04EC0-301F-11D3-BF4B-00C04F79EFBC}") = "SohatNotebook.Authentication", "SohatNotebook.Authentication\SohatNotebook.Authentication.csproj", "{E8B1FFAC-B071-4749-ABBA-305B18381561}"
EndProject
Global
	GlobalSection(SolutionConfigurationPlatforms) = preSolution
		Debug|Any CPU = Debug|Any CPU
		Release|Any CPU = Release|Any CPU
	EndGlobalSection
	GlobalSection(ProjectConfigurationPlatforms) = postSolution
		{D2C90484-5982-4BFC-81E1-D58642581D95}.Debug|Any CPU.ActiveCfg = Debug|Any CPU
		{D2C90484-5982-4BFC-81E1-D58642581D95}.Debug|Any CPU.Build.0 = Debug|Any CPU
		{D2C90484-5982-4BFC-81E1-D58642581D95}.Release|Any CPU.ActiveCfg = Release|Any CPU
		{D2C90484-5982-4BFC-81E1-D58642581D95}.Release|Any CPU.Build.0 = Release|Any CPU
		{0ED186D3-CD5C-4050-B650-840A165C6927}.Debug|Any CPU.ActiveCfg = Debug|Any CPU
		{0ED186D3-CD5C-4050-B650-840A165C6927}.Debug|Any CPU.Build.0 = Debug|Any CPU
		{0ED186D3-CD5C-4050-B650-840A165C6927}.Release|Any CPU.ActiveCfg = Release|Any CPU
		{0ED186D3-CD5C-4050-B650-840A165C6927}.Release|Any CPU.Build.0 = Release|Any CPU
		{8E9AD60F-C915-43C0-A127-EE4FCF0CC18A}.Debug|Any CPU.ActiveCfg = Debug|Any CPU
		{8E9AD60F-C915-43C0-A127-EE4FCF0CC18A}.Debug|Any CPU.Build.0 = Debug|Any CPU
		{8E9AD60F-C915-43C0-A127-EE4FCF0CC18A}.Release|Any CPU.ActiveCfg = Release|Any CPU
		{8E9AD60F-C915-43C0-A127-EE4FCF0CC18A}.Release|Any CPU.Build.0 = Release|Any CPU
		{E8B1FFAC-B071-4749-ABBA-305B18381561}.Debug|Any CPU.ActiveCfg = Debug|Any CPU
		{E8B1FFAC-B071-4749-ABBA-305B18381561}.Debug|Any CPU.Build.0 = Debug|Any CPU
		{E8B1FFAC-B071-4749-ABBA-305B18381561}.Release|Any CPU.ActiveCfg = Release|Any CPU
		{E8B1FFAC-B071-4749-ABBA-305B18381561}.Release|Any CPU.Build.0 = Release|Any CPU
	EndGlobalSection
	GlobalSection(SolutionProperties) = preSolution
		HideSolutionNode = FALSE
	EndGlobalSection
	GlobalSection(ExtensibilityGlobals) = postSolution
		SolutionGuid = {C60BAF94-D83E-403C-A992-959857DCD745}
	EndGlobalSection
EndGlobal
