
Microsoft Visual Studio Solution File, Format Version 12.00
# Visual Studio Version 17
VisualStudioVersion = 17.1.32319.34
MinimumVisualStudioVersion = 10.0.40219.1
Project("{FAE04EC0-301F-11D3-BF4B-00C04F79EFBC}") = "SohatNotebook.Api", "SohatNotebook.Api\SohatNotebook.Api.csproj", "{D2C90484-5982-4BFC-81E1-D58642581D95}"
EndProject
Global
	GlobalSection(SolutionConfigurationPlatforms) = preSolution
		Debug|Any CPU = Debug|Any CPU
		Release|Any CPU = Release|Any CPU
	EndGlobalSection
	GlobalSection(ProjectConfigurationPlatforms) = postSolution
		{D2C90484-5982-4BFC-81E1-D58642581D95}.Debug|Any CPU.ActiveCfg = Debug|Any CPU
		{D2C90484-5982-4BFC-81E1-D58642581D95}.Debug|Any CPU.Build.0 = Debug|Any CPU
		{D2C90484-5982-4BFC-81E1-D58642581D95}.Release|Any CPU.ActiveCfg = Release|Any CPU
		{D2C90484-5982-4BFC-81E1-D58642581D95}.Release|Any CPU.Build.0 = Release|Any CPU
	EndGlobalSection
	GlobalSection(SolutionProperties) = preSolution
		HideSolutionNode = FALSE
	EndGlobalSection
	GlobalSection(ExtensibilityGlobals) = postSolution
		SolutionGuid = {C60BAF94-D83E-403C-A992-959857DCD745}
	EndGlobalSection
EndGlobal
